
Microsoft Visual Studio Solution File, Format Version 12.00
# Visual Studio Version 17
VisualStudioVersion = 17.2.32526.322
MinimumVisualStudioVersion = 10.0.40219.1
Project("{9A19103F-16F7-4668-BE54-9A1E7A4F7556}") = "Tremplin.Tests", "Tremplin.Tests\Tremplin.Tests.csproj", "{BF45F437-80E5-4DD4-9108-EE3EE3128A87}"
EndProject
Project("{9A19103F-16F7-4668-BE54-9A1E7A4F7556}") = "Tremplin.Core", "Tremplin.Core\Tremplin.Core.csproj", "{1B76C178-27F7-4A95-B1DE-AB847FA74B82}"
EndProject
Project("{9A19103F-16F7-4668-BE54-9A1E7A4F7556}") = "Tremplin.Data", "Tremplin.Data\Tremplin.Data.csproj", "{B5FEC8C4-E889-412F-8A48-8C25388CEA0A}"
EndProject
Project("{9A19103F-16F7-4668-BE54-9A1E7A4F7556}") = "Tremplin.Services", "Tremplin.Services\Tremplin.Services.csproj", "{B30FBB42-F79F-400B-B24E-366D8F369BA0}"
EndProject
Project("{9A19103F-16F7-4668-BE54-9A1E7A4F7556}") = "Tremplin.IServices", "Tremplin.IServices\Tremplin.IServices.csproj", "{02C1D8B4-B7B2-43EE-8D64-CCD81AC07A60}"
EndProject
Project("{9A19103F-16F7-4668-BE54-9A1E7A4F7556}") = "Tremplin.Web", "Tremplin.Web\Tremplin.Web.csproj", "{F9E1A899-E93E-447F-B986-1AF95A391EB2}"
EndProject
Project("{FAE04EC0-301F-11D3-BF4B-00C04F79EFBC}") = "Tremplin.Models", "Tremplin.Models\Tremplin.Models.csproj", "{5CE14EE6-B574-41B7-8B6E-8A20A6AC990B}"
EndProject
Global
	GlobalSection(SolutionConfigurationPlatforms) = preSolution
		Debug|Any CPU = Debug|Any CPU
		Release|Any CPU = Release|Any CPU
	EndGlobalSection
	GlobalSection(ProjectConfigurationPlatforms) = postSolution
		{BF45F437-80E5-4DD4-9108-EE3EE3128A87}.Debug|Any CPU.ActiveCfg = Debug|Any CPU
		{BF45F437-80E5-4DD4-9108-EE3EE3128A87}.Debug|Any CPU.Build.0 = Debug|Any CPU
		{BF45F437-80E5-4DD4-9108-EE3EE3128A87}.Release|Any CPU.ActiveCfg = Release|Any CPU
		{BF45F437-80E5-4DD4-9108-EE3EE3128A87}.Release|Any CPU.Build.0 = Release|Any CPU
		{1B76C178-27F7-4A95-B1DE-AB847FA74B82}.Debug|Any CPU.ActiveCfg = Debug|Any CPU
		{1B76C178-27F7-4A95-B1DE-AB847FA74B82}.Debug|Any CPU.Build.0 = Debug|Any CPU
		{1B76C178-27F7-4A95-B1DE-AB847FA74B82}.Release|Any CPU.ActiveCfg = Release|Any CPU
		{1B76C178-27F7-4A95-B1DE-AB847FA74B82}.Release|Any CPU.Build.0 = Release|Any CPU
		{B5FEC8C4-E889-412F-8A48-8C25388CEA0A}.Debug|Any CPU.ActiveCfg = Debug|Any CPU
		{B5FEC8C4-E889-412F-8A48-8C25388CEA0A}.Debug|Any CPU.Build.0 = Debug|Any CPU
		{B5FEC8C4-E889-412F-8A48-8C25388CEA0A}.Release|Any CPU.ActiveCfg = Release|Any CPU
		{B5FEC8C4-E889-412F-8A48-8C25388CEA0A}.Release|Any CPU.Build.0 = Release|Any CPU
		{B30FBB42-F79F-400B-B24E-366D8F369BA0}.Debug|Any CPU.ActiveCfg = Debug|Any CPU
		{B30FBB42-F79F-400B-B24E-366D8F369BA0}.Debug|Any CPU.Build.0 = Debug|Any CPU
		{B30FBB42-F79F-400B-B24E-366D8F369BA0}.Release|Any CPU.ActiveCfg = Release|Any CPU
		{B30FBB42-F79F-400B-B24E-366D8F369BA0}.Release|Any CPU.Build.0 = Release|Any CPU
		{02C1D8B4-B7B2-43EE-8D64-CCD81AC07A60}.Debug|Any CPU.ActiveCfg = Debug|Any CPU
		{02C1D8B4-B7B2-43EE-8D64-CCD81AC07A60}.Debug|Any CPU.Build.0 = Debug|Any CPU
		{02C1D8B4-B7B2-43EE-8D64-CCD81AC07A60}.Release|Any CPU.ActiveCfg = Release|Any CPU
		{02C1D8B4-B7B2-43EE-8D64-CCD81AC07A60}.Release|Any CPU.Build.0 = Release|Any CPU
		{F9E1A899-E93E-447F-B986-1AF95A391EB2}.Debug|Any CPU.ActiveCfg = Debug|Any CPU
		{F9E1A899-E93E-447F-B986-1AF95A391EB2}.Debug|Any CPU.Build.0 = Debug|Any CPU
		{F9E1A899-E93E-447F-B986-1AF95A391EB2}.Release|Any CPU.ActiveCfg = Release|Any CPU
		{F9E1A899-E93E-447F-B986-1AF95A391EB2}.Release|Any CPU.Build.0 = Release|Any CPU
		{5CE14EE6-B574-41B7-8B6E-8A20A6AC990B}.Debug|Any CPU.ActiveCfg = Debug|Any CPU
		{5CE14EE6-B574-41B7-8B6E-8A20A6AC990B}.Debug|Any CPU.Build.0 = Debug|Any CPU
		{5CE14EE6-B574-41B7-8B6E-8A20A6AC990B}.Release|Any CPU.ActiveCfg = Release|Any CPU
		{5CE14EE6-B574-41B7-8B6E-8A20A6AC990B}.Release|Any CPU.Build.0 = Release|Any CPU
	EndGlobalSection
	GlobalSection(SolutionProperties) = preSolution
		HideSolutionNode = FALSE
	EndGlobalSection
	GlobalSection(ExtensibilityGlobals) = postSolution
		SolutionGuid = {D7D5DB19-754E-4BA1-BA78-63A6258B3A7A}
	EndGlobalSection
EndGlobal
